
Microsoft Visual Studio Solution File, Format Version 12.00
# Visual Studio Version 17
VisualStudioVersion = 17.8.34408.163
MinimumVisualStudioVersion = 10.0.40219.1
Project("{FAE04EC0-301F-11D3-BF4B-00C04F79EFBC}") = "TraQkLogger", "TraQkLogger\TraQkLogger.csproj", "{84483D97-3F06-4AB7-99BC-C67EE2901ED4}"
EndProject
Project("{FAE04EC0-301F-11D3-BF4B-00C04F79EFBC}") = "TraQkLoggerTests", "TraQkLoggerTests\TraQkLoggerTests.csproj", "{9E2BA553-78A8-450B-BD14-948A92A050A9}"
EndProject
Global
	GlobalSection(SolutionConfigurationPlatforms) = preSolution
		Debug|Any CPU = Debug|Any CPU
		Release|Any CPU = Release|Any CPU
	EndGlobalSection
	GlobalSection(ProjectConfigurationPlatforms) = postSolution
		{84483D97-3F06-4AB7-99BC-C67EE2901ED4}.Debug|Any CPU.ActiveCfg = Debug|Any CPU
		{84483D97-3F06-4AB7-99BC-C67EE2901ED4}.Debug|Any CPU.Build.0 = Debug|Any CPU
		{84483D97-3F06-4AB7-99BC-C67EE2901ED4}.Release|Any CPU.ActiveCfg = Release|Any CPU
		{84483D97-3F06-4AB7-99BC-C67EE2901ED4}.Release|Any CPU.Build.0 = Release|Any CPU
		{9E2BA553-78A8-450B-BD14-948A92A050A9}.Debug|Any CPU.ActiveCfg = Debug|Any CPU
		{9E2BA553-78A8-450B-BD14-948A92A050A9}.Debug|Any CPU.Build.0 = Debug|Any CPU
		{9E2BA553-78A8-450B-BD14-948A92A050A9}.Release|Any CPU.ActiveCfg = Release|Any CPU
		{9E2BA553-78A8-450B-BD14-948A92A050A9}.Release|Any CPU.Build.0 = Release|Any CPU
	EndGlobalSection
	GlobalSection(SolutionProperties) = preSolution
		HideSolutionNode = FALSE
	EndGlobalSection
	GlobalSection(ExtensibilityGlobals) = postSolution
		SolutionGuid = {2D566FAF-D5DF-4D01-ACD3-EB01A23AD668}
	EndGlobalSection
EndGlobal
